
Microsoft Visual Studio Solution File, Format Version 12.00
# Visual Studio 15
VisualStudioVersion = 15.0.26430.6
MinimumVisualStudioVersion = 10.0.40219.1
Project("{FAE04EC0-301F-11D3-BF4B-00C04F79EFBC}") = "HogWarsh", "HogWarsh\HogWarsh.csproj", "{3D6B4BED-A04E-4A08-8A9C-9FE525141EC3}"
EndProject
Project("{00D1A9C2-B5F0-4AF3-8072-F6C62B433612}") = "HogWarshData", "Data\HogWarshData.sqlproj", "{9019BB40-D079-4D9C-A456-B2476765E887}"
EndProject
Global
	GlobalSection(SolutionConfigurationPlatforms) = preSolution
		Debug|Any CPU = Debug|Any CPU
		Release|Any CPU = Release|Any CPU
	EndGlobalSection
	GlobalSection(ProjectConfigurationPlatforms) = postSolution
		{3D6B4BED-A04E-4A08-8A9C-9FE525141EC3}.Debug|Any CPU.ActiveCfg = Debug|Any CPU
		{3D6B4BED-A04E-4A08-8A9C-9FE525141EC3}.Debug|Any CPU.Build.0 = Debug|Any CPU
		{3D6B4BED-A04E-4A08-8A9C-9FE525141EC3}.Release|Any CPU.ActiveCfg = Release|Any CPU
		{3D6B4BED-A04E-4A08-8A9C-9FE525141EC3}.Release|Any CPU.Build.0 = Release|Any CPU
		{9019BB40-D079-4D9C-A456-B2476765E887}.Debug|Any CPU.ActiveCfg = Debug|Any CPU
		{9019BB40-D079-4D9C-A456-B2476765E887}.Debug|Any CPU.Build.0 = Debug|Any CPU
		{9019BB40-D079-4D9C-A456-B2476765E887}.Debug|Any CPU.Deploy.0 = Debug|Any CPU
		{9019BB40-D079-4D9C-A456-B2476765E887}.Release|Any CPU.ActiveCfg = Release|Any CPU
		{9019BB40-D079-4D9C-A456-B2476765E887}.Release|Any CPU.Build.0 = Release|Any CPU
		{9019BB40-D079-4D9C-A456-B2476765E887}.Release|Any CPU.Deploy.0 = Release|Any CPU
	EndGlobalSection
	GlobalSection(SolutionProperties) = preSolution
		HideSolutionNode = FALSE
	EndGlobalSection
EndGlobal
